
Microsoft Visual Studio Solution File, Format Version 12.00
# Visual Studio 2013
VisualStudioVersion = 12.0.31101.0
MinimumVisualStudioVersion = 10.0.40219.1
Project("{FAE04EC0-301F-11D3-BF4B-00C04F79EFBC}") = "16-PrintLongSequence", "16-PrintLongSequence\16-PrintLongSequence.csproj", "{599D8314-F5BE-43B4-BF1E-0FFE11FBEBBD}"
EndProject
Global
	GlobalSection(SolutionConfigurationPlatforms) = preSolution
		Debug|Any CPU = Debug|Any CPU
		Release|Any CPU = Release|Any CPU
	EndGlobalSection
	GlobalSection(ProjectConfigurationPlatforms) = postSolution
		{599D8314-F5BE-43B4-BF1E-0FFE11FBEBBD}.Debug|Any CPU.ActiveCfg = Debug|Any CPU
		{599D8314-F5BE-43B4-BF1E-0FFE11FBEBBD}.Debug|Any CPU.Build.0 = Debug|Any CPU
		{599D8314-F5BE-43B4-BF1E-0FFE11FBEBBD}.Release|Any CPU.ActiveCfg = Release|Any CPU
		{599D8314-F5BE-43B4-BF1E-0FFE11FBEBBD}.Release|Any CPU.Build.0 = Release|Any CPU
	EndGlobalSection
	GlobalSection(SolutionProperties) = preSolution
		HideSolutionNode = FALSE
	EndGlobalSection
EndGlobal
