
Microsoft Visual Studio Solution File, Format Version 12.00
# Visual Studio 2013
VisualStudioVersion = 12.0.31101.0
MinimumVisualStudioVersion = 10.0.40219.1
Project("{FAE04EC0-301F-11D3-BF4B-00C04F79EFBC}") = "01_Num1ToN", "01_Num1ToN\01_Num1ToN.csproj", "{860F4BC4-6F32-4438-AE53-D9B4B835D47C}"
EndProject
Project("{FAE04EC0-301F-11D3-BF4B-00C04F79EFBC}") = "02_NotDivBy3_7_Sequence", "02_NotDivBy3_7_Sequence\02_NotDivBy3_7_Sequence.csproj", "{2D2B2062-9E1E-4D71-8D38-C0683BB73C20}"
EndProject
Project("{FAE04EC0-301F-11D3-BF4B-00C04F79EFBC}") = "03_MinMaxSumAvgOfN", "03_MinMaxSumAvgOfN\03_MinMaxSumAvgOfN.csproj", "{E95F5227-63F3-4453-BB3B-7FB3E1808B15}"
EndProject
Project("{FAE04EC0-301F-11D3-BF4B-00C04F79EFBC}") = "04_PrintDeckOf52", "04_PrintDeckOf52\04_PrintDeckOf52.csproj", "{2F225762-9AF4-4C20-93AB-EBDD0B668232}"
EndProject
Project("{FAE04EC0-301F-11D3-BF4B-00C04F79EFBC}") = "05_NXFormula", "05_NXFormula\05_NXFormula.csproj", "{2E9F3FEC-A925-4299-90A4-F5D2FB36828A}"
EndProject
Project("{FAE04EC0-301F-11D3-BF4B-00C04F79EFBC}") = "06_NK2Formula", "06_NK2Formula\06_NK2Formula.csproj", "{B5DBCBA1-86A2-48BB-9FB6-96F308B75348}"
EndProject
Project("{FAE04EC0-301F-11D3-BF4B-00C04F79EFBC}") = "07_NKCombinatorics", "07_NKCombinatorics\07_NKCombinatorics.csproj", "{9768900C-C9EA-4254-890E-A9FAAE34D597}"
EndProject
Project("{FAE04EC0-301F-11D3-BF4B-00C04F79EFBC}") = "08_CatalanNum", "08_CatalanNum\08_CatalanNum.csproj", "{294AFC68-6148-4753-90C7-AC1D6A2AB54C}"
EndProject
Project("{FAE04EC0-301F-11D3-BF4B-00C04F79EFBC}") = "09_MatrixOfNum", "09_MatrixOfNum\09_MatrixOfNum.csproj", "{C7394BBC-CF42-451E-8218-22F436422845}"
EndProject
Project("{FAE04EC0-301F-11D3-BF4B-00C04F79EFBC}") = "10_OddEvenProd", "10_OddEvenProd\10_OddEvenProd.csproj", "{11CF28DE-D4FF-49D0-A1AF-EBE811B8E501}"
EndProject
Project("{FAE04EC0-301F-11D3-BF4B-00C04F79EFBC}") = "11_RndRange", "11_RndRange\11_RndRange.csproj", "{7D96204A-2DAA-499B-ACC3-31F33D405B6C}"
EndProject
Project("{FAE04EC0-301F-11D3-BF4B-00C04F79EFBC}") = "12_RndOrder", "12_RndOrder\12_RndOrder.csproj", "{B1D2B44F-3E2C-41FD-959D-AD682E9BB3B5}"
EndProject
Project("{FAE04EC0-301F-11D3-BF4B-00C04F79EFBC}") = "13_14_BinToDec", "13_BinToDec\13_14_BinToDec.csproj", "{FEAAF619-C51E-4D80-A516-A970F65B298E}"
EndProject
Project("{FAE04EC0-301F-11D3-BF4B-00C04F79EFBC}") = "15_16_HexDecConv", "15_16_HexDecConv\15_16_HexDecConv.csproj", "{04E5C927-0F64-4F26-9494-0ABC3FD20F1F}"
EndProject
Global
	GlobalSection(SolutionConfigurationPlatforms) = preSolution
		Debug|Any CPU = Debug|Any CPU
		Release|Any CPU = Release|Any CPU
	EndGlobalSection
	GlobalSection(ProjectConfigurationPlatforms) = postSolution
		{860F4BC4-6F32-4438-AE53-D9B4B835D47C}.Debug|Any CPU.ActiveCfg = Debug|Any CPU
		{860F4BC4-6F32-4438-AE53-D9B4B835D47C}.Debug|Any CPU.Build.0 = Debug|Any CPU
		{860F4BC4-6F32-4438-AE53-D9B4B835D47C}.Release|Any CPU.ActiveCfg = Release|Any CPU
		{860F4BC4-6F32-4438-AE53-D9B4B835D47C}.Release|Any CPU.Build.0 = Release|Any CPU
		{2D2B2062-9E1E-4D71-8D38-C0683BB73C20}.Debug|Any CPU.ActiveCfg = Debug|Any CPU
		{2D2B2062-9E1E-4D71-8D38-C0683BB73C20}.Debug|Any CPU.Build.0 = Debug|Any CPU
		{2D2B2062-9E1E-4D71-8D38-C0683BB73C20}.Release|Any CPU.ActiveCfg = Release|Any CPU
		{2D2B2062-9E1E-4D71-8D38-C0683BB73C20}.Release|Any CPU.Build.0 = Release|Any CPU
		{E95F5227-63F3-4453-BB3B-7FB3E1808B15}.Debug|Any CPU.ActiveCfg = Debug|Any CPU
		{E95F5227-63F3-4453-BB3B-7FB3E1808B15}.Debug|Any CPU.Build.0 = Debug|Any CPU
		{E95F5227-63F3-4453-BB3B-7FB3E1808B15}.Release|Any CPU.ActiveCfg = Release|Any CPU
		{E95F5227-63F3-4453-BB3B-7FB3E1808B15}.Release|Any CPU.Build.0 = Release|Any CPU
		{2F225762-9AF4-4C20-93AB-EBDD0B668232}.Debug|Any CPU.ActiveCfg = Debug|Any CPU
		{2F225762-9AF4-4C20-93AB-EBDD0B668232}.Debug|Any CPU.Build.0 = Debug|Any CPU
		{2F225762-9AF4-4C20-93AB-EBDD0B668232}.Release|Any CPU.ActiveCfg = Release|Any CPU
		{2F225762-9AF4-4C20-93AB-EBDD0B668232}.Release|Any CPU.Build.0 = Release|Any CPU
		{2E9F3FEC-A925-4299-90A4-F5D2FB36828A}.Debug|Any CPU.ActiveCfg = Debug|Any CPU
		{2E9F3FEC-A925-4299-90A4-F5D2FB36828A}.Debug|Any CPU.Build.0 = Debug|Any CPU
		{2E9F3FEC-A925-4299-90A4-F5D2FB36828A}.Release|Any CPU.ActiveCfg = Release|Any CPU
		{2E9F3FEC-A925-4299-90A4-F5D2FB36828A}.Release|Any CPU.Build.0 = Release|Any CPU
		{B5DBCBA1-86A2-48BB-9FB6-96F308B75348}.Debug|Any CPU.ActiveCfg = Debug|Any CPU
		{B5DBCBA1-86A2-48BB-9FB6-96F308B75348}.Debug|Any CPU.Build.0 = Debug|Any CPU
		{B5DBCBA1-86A2-48BB-9FB6-96F308B75348}.Release|Any CPU.ActiveCfg = Release|Any CPU
		{B5DBCBA1-86A2-48BB-9FB6-96F308B75348}.Release|Any CPU.Build.0 = Release|Any CPU
		{9768900C-C9EA-4254-890E-A9FAAE34D597}.Debug|Any CPU.ActiveCfg = Debug|Any CPU
		{9768900C-C9EA-4254-890E-A9FAAE34D597}.Debug|Any CPU.Build.0 = Debug|Any CPU
		{9768900C-C9EA-4254-890E-A9FAAE34D597}.Release|Any CPU.ActiveCfg = Release|Any CPU
		{9768900C-C9EA-4254-890E-A9FAAE34D597}.Release|Any CPU.Build.0 = Release|Any CPU
		{294AFC68-6148-4753-90C7-AC1D6A2AB54C}.Debug|Any CPU.ActiveCfg = Debug|Any CPU
		{294AFC68-6148-4753-90C7-AC1D6A2AB54C}.Debug|Any CPU.Build.0 = Debug|Any CPU
		{294AFC68-6148-4753-90C7-AC1D6A2AB54C}.Release|Any CPU.ActiveCfg = Release|Any CPU
		{294AFC68-6148-4753-90C7-AC1D6A2AB54C}.Release|Any CPU.Build.0 = Release|Any CPU
		{C7394BBC-CF42-451E-8218-22F436422845}.Debug|Any CPU.ActiveCfg = Debug|Any CPU
		{C7394BBC-CF42-451E-8218-22F436422845}.Debug|Any CPU.Build.0 = Debug|Any CPU
		{C7394BBC-CF42-451E-8218-22F436422845}.Release|Any CPU.ActiveCfg = Release|Any CPU
		{C7394BBC-CF42-451E-8218-22F436422845}.Release|Any CPU.Build.0 = Release|Any CPU
		{11CF28DE-D4FF-49D0-A1AF-EBE811B8E501}.Debug|Any CPU.ActiveCfg = Debug|Any CPU
		{11CF28DE-D4FF-49D0-A1AF-EBE811B8E501}.Debug|Any CPU.Build.0 = Debug|Any CPU
		{11CF28DE-D4FF-49D0-A1AF-EBE811B8E501}.Release|Any CPU.ActiveCfg = Release|Any CPU
		{11CF28DE-D4FF-49D0-A1AF-EBE811B8E501}.Release|Any CPU.Build.0 = Release|Any CPU
		{7D96204A-2DAA-499B-ACC3-31F33D405B6C}.Debug|Any CPU.ActiveCfg = Debug|Any CPU
		{7D96204A-2DAA-499B-ACC3-31F33D405B6C}.Debug|Any CPU.Build.0 = Debug|Any CPU
		{7D96204A-2DAA-499B-ACC3-31F33D405B6C}.Release|Any CPU.ActiveCfg = Release|Any CPU
		{7D96204A-2DAA-499B-ACC3-31F33D405B6C}.Release|Any CPU.Build.0 = Release|Any CPU
		{B1D2B44F-3E2C-41FD-959D-AD682E9BB3B5}.Debug|Any CPU.ActiveCfg = Debug|Any CPU
		{B1D2B44F-3E2C-41FD-959D-AD682E9BB3B5}.Debug|Any CPU.Build.0 = Debug|Any CPU
		{B1D2B44F-3E2C-41FD-959D-AD682E9BB3B5}.Release|Any CPU.ActiveCfg = Release|Any CPU
		{B1D2B44F-3E2C-41FD-959D-AD682E9BB3B5}.Release|Any CPU.Build.0 = Release|Any CPU
		{FEAAF619-C51E-4D80-A516-A970F65B298E}.Debug|Any CPU.ActiveCfg = Debug|Any CPU
		{FEAAF619-C51E-4D80-A516-A970F65B298E}.Debug|Any CPU.Build.0 = Debug|Any CPU
		{FEAAF619-C51E-4D80-A516-A970F65B298E}.Release|Any CPU.ActiveCfg = Release|Any CPU
		{FEAAF619-C51E-4D80-A516-A970F65B298E}.Release|Any CPU.Build.0 = Release|Any CPU
		{04E5C927-0F64-4F26-9494-0ABC3FD20F1F}.Debug|Any CPU.ActiveCfg = Debug|Any CPU
		{04E5C927-0F64-4F26-9494-0ABC3FD20F1F}.Debug|Any CPU.Build.0 = Debug|Any CPU
		{04E5C927-0F64-4F26-9494-0ABC3FD20F1F}.Release|Any CPU.ActiveCfg = Release|Any CPU
		{04E5C927-0F64-4F26-9494-0ABC3FD20F1F}.Release|Any CPU.Build.0 = Release|Any CPU
	EndGlobalSection
	GlobalSection(SolutionProperties) = preSolution
		HideSolutionNode = FALSE
	EndGlobalSection
EndGlobal
